
Microsoft Visual Studio Solution File, Format Version 12.00
# Visual Studio Version 16
VisualStudioVersion = 16.0.29728.190
MinimumVisualStudioVersion = 10.0.40219.1
Project("{FAE04EC0-301F-11D3-BF4B-00C04F79EFBC}") = "TopGunLab_Practice3", "TopGunLab_Practice3\TopGunLab_Practice3.csproj", "{EFBCFDAB-B668-4DAB-AA12-BB4ABB1AEB8A}"
EndProject
Global
	GlobalSection(SolutionConfigurationPlatforms) = preSolution
		Debug|Any CPU = Debug|Any CPU
		Release|Any CPU = Release|Any CPU
	EndGlobalSection
	GlobalSection(ProjectConfigurationPlatforms) = postSolution
		{EFBCFDAB-B668-4DAB-AA12-BB4ABB1AEB8A}.Debug|Any CPU.ActiveCfg = Debug|Any CPU
		{EFBCFDAB-B668-4DAB-AA12-BB4ABB1AEB8A}.Debug|Any CPU.Build.0 = Debug|Any CPU
		{EFBCFDAB-B668-4DAB-AA12-BB4ABB1AEB8A}.Release|Any CPU.ActiveCfg = Release|Any CPU
		{EFBCFDAB-B668-4DAB-AA12-BB4ABB1AEB8A}.Release|Any CPU.Build.0 = Release|Any CPU
	EndGlobalSection
	GlobalSection(SolutionProperties) = preSolution
		HideSolutionNode = FALSE
	EndGlobalSection
	GlobalSection(ExtensibilityGlobals) = postSolution
		SolutionGuid = {CAEF9390-29EF-4BD9-B09D-9FAB4E9ACE77}
	EndGlobalSection
EndGlobal
